
Microsoft Visual Studio Solution File, Format Version 12.00
# Visual Studio Version 16
VisualStudioVersion = 16.0.29319.158
MinimumVisualStudioVersion = 10.0.40219.1
Project("{9A19103F-16F7-4668-BE54-9A1E7A4F7556}") = "BotCrypt", "BotCrypt\BotCrypt.csproj", "{75ED1ED4-D74F-4761-8868-8726ADD1D9FF}"
EndProject
Project("{FAE04EC0-301F-11D3-BF4B-00C04F79EFBC}") = "BotCrypt.Test", "BotCrypt.Test\BotCrypt.Test.csproj", "{56380ADC-21D0-4DD2-84F8-98DE81117AEE}"
EndProject
Project("{FAE04EC0-301F-11D3-BF4B-00C04F79EFBC}") = "BotCrypt.Example", "BotCrypt.Example\BotCrypt.Example.csproj", "{C67F3F12-D99C-4876-90EB-BF15BF5C3045}"
EndProject
Global
	GlobalSection(SolutionConfigurationPlatforms) = preSolution
		Debug|Any CPU = Debug|Any CPU
		Release|Any CPU = Release|Any CPU
	EndGlobalSection
	GlobalSection(ProjectConfigurationPlatforms) = postSolution
		{75ED1ED4-D74F-4761-8868-8726ADD1D9FF}.Debug|Any CPU.ActiveCfg = Debug|Any CPU
		{75ED1ED4-D74F-4761-8868-8726ADD1D9FF}.Debug|Any CPU.Build.0 = Debug|Any CPU
		{75ED1ED4-D74F-4761-8868-8726ADD1D9FF}.Release|Any CPU.ActiveCfg = Release|Any CPU
		{75ED1ED4-D74F-4761-8868-8726ADD1D9FF}.Release|Any CPU.Build.0 = Release|Any CPU
		{56380ADC-21D0-4DD2-84F8-98DE81117AEE}.Debug|Any CPU.ActiveCfg = Debug|Any CPU
		{56380ADC-21D0-4DD2-84F8-98DE81117AEE}.Debug|Any CPU.Build.0 = Debug|Any CPU
		{56380ADC-21D0-4DD2-84F8-98DE81117AEE}.Release|Any CPU.ActiveCfg = Release|Any CPU
		{56380ADC-21D0-4DD2-84F8-98DE81117AEE}.Release|Any CPU.Build.0 = Release|Any CPU
		{C67F3F12-D99C-4876-90EB-BF15BF5C3045}.Debug|Any CPU.ActiveCfg = Debug|Any CPU
		{C67F3F12-D99C-4876-90EB-BF15BF5C3045}.Debug|Any CPU.Build.0 = Debug|Any CPU
		{C67F3F12-D99C-4876-90EB-BF15BF5C3045}.Release|Any CPU.ActiveCfg = Release|Any CPU
		{C67F3F12-D99C-4876-90EB-BF15BF5C3045}.Release|Any CPU.Build.0 = Release|Any CPU
	EndGlobalSection
	GlobalSection(SolutionProperties) = preSolution
		HideSolutionNode = FALSE
	EndGlobalSection
	GlobalSection(ExtensibilityGlobals) = postSolution
		SolutionGuid = {3318CBCF-64A5-43F0-ADA2-B684C82AD368}
	EndGlobalSection
EndGlobal
